
Microsoft Visual Studio Solution File, Format Version 12.00
# Visual Studio Version 17
VisualStudioVersion = 17.2.32630.192
MinimumVisualStudioVersion = 10.0.40219.1
Project("{FAE04EC0-301F-11D3-BF4B-00C04F79EFBC}") = "WinFormsEncryptText", "WinFormsEncryptText\WinFormsEncryptText.csproj", "{7138E44A-C467-4567-A3A4-C2FBEF493009}"
EndProject
Project("{FAE04EC0-301F-11D3-BF4B-00C04F79EFBC}") = "EncryptionHandler", "EncryptionHandler\EncryptionHandler.csproj", "{D2DFF5E9-750C-476C-A6AB-85D803FB939B}"
EndProject
Global
	GlobalSection(SolutionConfigurationPlatforms) = preSolution
		Debug|Any CPU = Debug|Any CPU
		Release|Any CPU = Release|Any CPU
	EndGlobalSection
	GlobalSection(ProjectConfigurationPlatforms) = postSolution
		{7138E44A-C467-4567-A3A4-C2FBEF493009}.Debug|Any CPU.ActiveCfg = Debug|Any CPU
		{7138E44A-C467-4567-A3A4-C2FBEF493009}.Debug|Any CPU.Build.0 = Debug|Any CPU
		{7138E44A-C467-4567-A3A4-C2FBEF493009}.Release|Any CPU.ActiveCfg = Release|Any CPU
		{7138E44A-C467-4567-A3A4-C2FBEF493009}.Release|Any CPU.Build.0 = Release|Any CPU
		{D2DFF5E9-750C-476C-A6AB-85D803FB939B}.Debug|Any CPU.ActiveCfg = Debug|Any CPU
		{D2DFF5E9-750C-476C-A6AB-85D803FB939B}.Debug|Any CPU.Build.0 = Debug|Any CPU
		{D2DFF5E9-750C-476C-A6AB-85D803FB939B}.Release|Any CPU.ActiveCfg = Release|Any CPU
		{D2DFF5E9-750C-476C-A6AB-85D803FB939B}.Release|Any CPU.Build.0 = Release|Any CPU
	EndGlobalSection
	GlobalSection(SolutionProperties) = preSolution
		HideSolutionNode = FALSE
	EndGlobalSection
	GlobalSection(ExtensibilityGlobals) = postSolution
		SolutionGuid = {C9B24FFA-3B5C-43F6-A157-F432550C9A28}
	EndGlobalSection
EndGlobal
